
Microsoft Visual Studio Solution File, Format Version 12.00
# Visual Studio Version 16
VisualStudioVersion = 16.0.30717.126
MinimumVisualStudioVersion = 10.0.40219.1
Project("{FAE04EC0-301F-11D3-BF4B-00C04F79EFBC}") = "NewsXamPackt.Android", "NewsXamPackt\NewsXamPackt.Android\NewsXamPackt.Android.csproj", "{2FDA8E95-FDFB-4F36-A05B-776FBB07B709}"
EndProject
Project("{FAE04EC0-301F-11D3-BF4B-00C04F79EFBC}") = "NewsXamPackt.iOS", "NewsXamPackt\NewsXamPackt.iOS\NewsXamPackt.iOS.csproj", "{817CF985-90AD-42B0-8514-F337E211D0FD}"
EndProject
Project("{FAE04EC0-301F-11D3-BF4B-00C04F79EFBC}") = "NewsXamPackt", "NewsXamPackt\NewsXamPackt\NewsXamPackt.csproj", "{EDED8C4A-3263-4EFB-9D42-1F0EA410F282}"
EndProject
Global
	GlobalSection(SolutionConfigurationPlatforms) = preSolution
		Debug|Any CPU = Debug|Any CPU
		Debug|iPhone = Debug|iPhone
		Debug|iPhoneSimulator = Debug|iPhoneSimulator
		Release|Any CPU = Release|Any CPU
		Release|iPhone = Release|iPhone
		Release|iPhoneSimulator = Release|iPhoneSimulator
	EndGlobalSection
	GlobalSection(ProjectConfigurationPlatforms) = postSolution
		{2FDA8E95-FDFB-4F36-A05B-776FBB07B709}.Debug|Any CPU.ActiveCfg = Debug|Any CPU
		{2FDA8E95-FDFB-4F36-A05B-776FBB07B709}.Debug|Any CPU.Build.0 = Debug|Any CPU
		{2FDA8E95-FDFB-4F36-A05B-776FBB07B709}.Debug|Any CPU.Deploy.0 = Debug|Any CPU
		{2FDA8E95-FDFB-4F36-A05B-776FBB07B709}.Debug|iPhone.ActiveCfg = Debug|Any CPU
		{2FDA8E95-FDFB-4F36-A05B-776FBB07B709}.Debug|iPhone.Build.0 = Debug|Any CPU
		{2FDA8E95-FDFB-4F36-A05B-776FBB07B709}.Debug|iPhone.Deploy.0 = Debug|Any CPU
		{2FDA8E95-FDFB-4F36-A05B-776FBB07B709}.Debug|iPhoneSimulator.ActiveCfg = Debug|Any CPU
		{2FDA8E95-FDFB-4F36-A05B-776FBB07B709}.Debug|iPhoneSimulator.Build.0 = Debug|Any CPU
		{2FDA8E95-FDFB-4F36-A05B-776FBB07B709}.Debug|iPhoneSimulator.Deploy.0 = Debug|Any CPU
		{2FDA8E95-FDFB-4F36-A05B-776FBB07B709}.Release|Any CPU.ActiveCfg = Release|Any CPU
		{2FDA8E95-FDFB-4F36-A05B-776FBB07B709}.Release|Any CPU.Build.0 = Release|Any CPU
		{2FDA8E95-FDFB-4F36-A05B-776FBB07B709}.Release|Any CPU.Deploy.0 = Release|Any CPU
		{2FDA8E95-FDFB-4F36-A05B-776FBB07B709}.Release|iPhone.ActiveCfg = Release|Any CPU
		{2FDA8E95-FDFB-4F36-A05B-776FBB07B709}.Release|iPhone.Build.0 = Release|Any CPU
		{2FDA8E95-FDFB-4F36-A05B-776FBB07B709}.Release|iPhone.Deploy.0 = Release|Any CPU
		{2FDA8E95-FDFB-4F36-A05B-776FBB07B709}.Release|iPhoneSimulator.ActiveCfg = Release|Any CPU
		{2FDA8E95-FDFB-4F36-A05B-776FBB07B709}.Release|iPhoneSimulator.Build.0 = Release|Any CPU
		{2FDA8E95-FDFB-4F36-A05B-776FBB07B709}.Release|iPhoneSimulator.Deploy.0 = Release|Any CPU
		{817CF985-90AD-42B0-8514-F337E211D0FD}.Debug|Any CPU.ActiveCfg = Debug|iPhone
		{817CF985-90AD-42B0-8514-F337E211D0FD}.Debug|Any CPU.Build.0 = Debug|iPhone
		{817CF985-90AD-42B0-8514-F337E211D0FD}.Debug|Any CPU.Deploy.0 = Debug|iPhone
		{817CF985-90AD-42B0-8514-F337E211D0FD}.Debug|iPhone.ActiveCfg = Debug|iPhone
		{817CF985-90AD-42B0-8514-F337E211D0FD}.Debug|iPhone.Build.0 = Debug|iPhone
		{817CF985-90AD-42B0-8514-F337E211D0FD}.Debug|iPhone.Deploy.0 = Debug|iPhone
		{817CF985-90AD-42B0-8514-F337E211D0FD}.Debug|iPhoneSimulator.ActiveCfg = Debug|iPhoneSimulator
		{817CF985-90AD-42B0-8514-F337E211D0FD}.Debug|iPhoneSimulator.Build.0 = Debug|iPhoneSimulator
		{817CF985-90AD-42B0-8514-F337E211D0FD}.Debug|iPhoneSimulator.Deploy.0 = Debug|iPhoneSimulator
		{817CF985-90AD-42B0-8514-F337E211D0FD}.Release|Any CPU.ActiveCfg = Release|iPhoneSimulator
		{817CF985-90AD-42B0-8514-F337E211D0FD}.Release|Any CPU.Build.0 = Release|iPhoneSimulator
		{817CF985-90AD-42B0-8514-F337E211D0FD}.Release|Any CPU.Deploy.0 = Release|iPhoneSimulator
		{817CF985-90AD-42B0-8514-F337E211D0FD}.Release|iPhone.ActiveCfg = Release|iPhone
		{817CF985-90AD-42B0-8514-F337E211D0FD}.Release|iPhone.Build.0 = Release|iPhone
		{817CF985-90AD-42B0-8514-F337E211D0FD}.Release|iPhone.Deploy.0 = Release|iPhone
		{817CF985-90AD-42B0-8514-F337E211D0FD}.Release|iPhoneSimulator.ActiveCfg = Release|iPhoneSimulator
		{817CF985-90AD-42B0-8514-F337E211D0FD}.Release|iPhoneSimulator.Build.0 = Release|iPhoneSimulator
		{817CF985-90AD-42B0-8514-F337E211D0FD}.Release|iPhoneSimulator.Deploy.0 = Release|iPhoneSimulator
		{EDED8C4A-3263-4EFB-9D42-1F0EA410F282}.Debug|Any CPU.ActiveCfg = Debug|Any CPU
		{EDED8C4A-3263-4EFB-9D42-1F0EA410F282}.Debug|Any CPU.Build.0 = Debug|Any CPU
		{EDED8C4A-3263-4EFB-9D42-1F0EA410F282}.Debug|Any CPU.Deploy.0 = Debug|Any CPU
		{EDED8C4A-3263-4EFB-9D42-1F0EA410F282}.Debug|iPhone.ActiveCfg = Debug|Any CPU
		{EDED8C4A-3263-4EFB-9D42-1F0EA410F282}.Debug|iPhone.Build.0 = Debug|Any CPU
		{EDED8C4A-3263-4EFB-9D42-1F0EA410F282}.Debug|iPhone.Deploy.0 = Debug|Any CPU
		{EDED8C4A-3263-4EFB-9D42-1F0EA410F282}.Debug|iPhoneSimulator.ActiveCfg = Debug|Any CPU
		{EDED8C4A-3263-4EFB-9D42-1F0EA410F282}.Debug|iPhoneSimulator.Build.0 = Debug|Any CPU
		{EDED8C4A-3263-4EFB-9D42-1F0EA410F282}.Debug|iPhoneSimulator.Deploy.0 = Debug|Any CPU
		{EDED8C4A-3263-4EFB-9D42-1F0EA410F282}.Release|Any CPU.ActiveCfg = Release|Any CPU
		{EDED8C4A-3263-4EFB-9D42-1F0EA410F282}.Release|Any CPU.Build.0 = Release|Any CPU
		{EDED8C4A-3263-4EFB-9D42-1F0EA410F282}.Release|Any CPU.Deploy.0 = Release|Any CPU
		{EDED8C4A-3263-4EFB-9D42-1F0EA410F282}.Release|iPhone.ActiveCfg = Release|Any CPU
		{EDED8C4A-3263-4EFB-9D42-1F0EA410F282}.Release|iPhone.Build.0 = Release|Any CPU
		{EDED8C4A-3263-4EFB-9D42-1F0EA410F282}.Release|iPhone.Deploy.0 = Release|Any CPU
		{EDED8C4A-3263-4EFB-9D42-1F0EA410F282}.Release|iPhoneSimulator.ActiveCfg = Release|Any CPU
		{EDED8C4A-3263-4EFB-9D42-1F0EA410F282}.Release|iPhoneSimulator.Build.0 = Release|Any CPU
		{EDED8C4A-3263-4EFB-9D42-1F0EA410F282}.Release|iPhoneSimulator.Deploy.0 = Release|Any CPU
	EndGlobalSection
	GlobalSection(SolutionProperties) = preSolution
		HideSolutionNode = FALSE
	EndGlobalSection
	GlobalSection(ExtensibilityGlobals) = postSolution
		SolutionGuid = {E532E41C-E2CA-4ADB-B883-59535D66794A}
	EndGlobalSection
EndGlobal
